
Microsoft Visual Studio Solution File, Format Version 12.00
# Visual Studio Version 17
VisualStudioVersion = 17.9.34723.18
MinimumVisualStudioVersion = 10.0.40219.1
Project("{FAE04EC0-301F-11D3-BF4B-00C04F79EFBC}") = "DienDanThaoLuan", "DienDanThaoLuan\DienDanThaoLuan.csproj", "{BC2476C3-9DD6-4EBD-9FE3-56F52EBA9988}"
EndProject
Global
	GlobalSection(SolutionConfigurationPlatforms) = preSolution
		Debug|Any CPU = Debug|Any CPU
		Release|Any CPU = Release|Any CPU
	EndGlobalSection
	GlobalSection(ProjectConfigurationPlatforms) = postSolution
		{BC2476C3-9DD6-4EBD-9FE3-56F52EBA9988}.Debug|Any CPU.ActiveCfg = Debug|Any CPU
		{BC2476C3-9DD6-4EBD-9FE3-56F52EBA9988}.Debug|Any CPU.Build.0 = Debug|Any CPU
		{BC2476C3-9DD6-4EBD-9FE3-56F52EBA9988}.Release|Any CPU.ActiveCfg = Release|Any CPU
		{BC2476C3-9DD6-4EBD-9FE3-56F52EBA9988}.Release|Any CPU.Build.0 = Release|Any CPU
	EndGlobalSection
	GlobalSection(SolutionProperties) = preSolution
		HideSolutionNode = FALSE
	EndGlobalSection
	GlobalSection(ExtensibilityGlobals) = postSolution
		SolutionGuid = {C0623F8A-BC47-46CC-A076-C375A40310A0}
	EndGlobalSection
EndGlobal
